
Microsoft Visual Studio Solution File, Format Version 12.00
# Visual Studio Version 16
VisualStudioVersion = 16.0.30128.74
MinimumVisualStudioVersion = 10.0.40219.1
Project("{FAE04EC0-301F-11D3-BF4B-00C04F79EFBC}") = "WebAppTrabalho", "WebAppTrabalho\WebAppTrabalho.csproj", "{66ED44E5-9BF9-4070-94A3-60AF1FAFE3DC}"
EndProject
Global
	GlobalSection(SolutionConfigurationPlatforms) = preSolution
		Debug|Any CPU = Debug|Any CPU
		Release|Any CPU = Release|Any CPU
	EndGlobalSection
	GlobalSection(ProjectConfigurationPlatforms) = postSolution
		{66ED44E5-9BF9-4070-94A3-60AF1FAFE3DC}.Debug|Any CPU.ActiveCfg = Debug|Any CPU
		{66ED44E5-9BF9-4070-94A3-60AF1FAFE3DC}.Debug|Any CPU.Build.0 = Debug|Any CPU
		{66ED44E5-9BF9-4070-94A3-60AF1FAFE3DC}.Release|Any CPU.ActiveCfg = Release|Any CPU
		{66ED44E5-9BF9-4070-94A3-60AF1FAFE3DC}.Release|Any CPU.Build.0 = Release|Any CPU
	EndGlobalSection
	GlobalSection(SolutionProperties) = preSolution
		HideSolutionNode = FALSE
	EndGlobalSection
	GlobalSection(ExtensibilityGlobals) = postSolution
		SolutionGuid = {F95098F7-F6A1-4B79-B8CD-D37266B01440}
	EndGlobalSection
EndGlobal
